<?xml version="1.0" encoding="utf-8"?>
<Project ToolsVersion="16.0" xmlns="http://schemas.microsoft.com/developer/msbuild/2003">
  <ItemGroup>
    <ClCompile Include="C:\Users\kbc19\Desktop\game\effekseerRun\Effekseer\Dev\Cpp\Effekseer\Effekseer\Effekseer.Client.cpp">
      <Filter>Effekseer</Filter>
    </ClCompile>
    <ClCompile Include="C:\Users\kbc19\Desktop\game\effekseerRun\Effekseer\Dev\Cpp\Effekseer\Effekseer\Effekseer.Color.cpp">
      <Filter>Effekseer</Filter>
    </ClCompile>
    <ClCompile Include="C:\Users\kbc19\Desktop\game\effekseerRun\Effekseer\Dev\Cpp\Effekseer\Effekseer\Effekseer.DefaultEffectLoader.cpp">
      <Filter>Effekseer</Filter>
    </ClCompile>
    <ClCompile Include="C:\Users\kbc19\Desktop\game\effekseerRun\Effekseer\Dev\Cpp\Effekseer\Effekseer\Effekseer.DefaultFile.cpp">
      <Filter>Effekseer</Filter>
    </ClCompile>
    <ClCompile Include="C:\Users\kbc19\Desktop\game\effekseerRun\Effekseer\Dev\Cpp\Effekseer\Effekseer\Effekseer.Effect.cpp">
      <Filter>Effekseer</Filter>
    </ClCompile>
    <ClCompile Include="C:\Users\kbc19\Desktop\game\effekseerRun\Effekseer\Dev\Cpp\Effekseer\Effekseer\Effekseer.EffectNode.cpp">
      <Filter>Effekseer</Filter>
    </ClCompile>
    <ClCompile Include="C:\Users\kbc19\Desktop\game\effekseerRun\Effekseer\Dev\Cpp\Effekseer\Effekseer\Effekseer.EffectNodeModel.cpp">
      <Filter>Effekseer</Filter>
    </ClCompile>
    <ClCompile Include="C:\Users\kbc19\Desktop\game\effekseerRun\Effekseer\Dev\Cpp\Effekseer\Effekseer\Effekseer.EffectNodeRibbon.cpp">
      <Filter>Effekseer</Filter>
    </ClCompile>
    <ClCompile Include="C:\Users\kbc19\Desktop\game\effekseerRun\Effekseer\Dev\Cpp\Effekseer\Effekseer\Effekseer.EffectNodeRing.cpp">
      <Filter>Effekseer</Filter>
    </ClCompile>
    <ClCompile Include="C:\Users\kbc19\Desktop\game\effekseerRun\Effekseer\Dev\Cpp\Effekseer\Effekseer\Effekseer.EffectNodeRoot.cpp">
      <Filter>Effekseer</Filter>
    </ClCompile>
    <ClCompile Include="C:\Users\kbc19\Desktop\game\effekseerRun\Effekseer\Dev\Cpp\Effekseer\Effekseer\Effekseer.EffectNodeSprite.cpp">
      <Filter>Effekseer</Filter>
    </ClCompile>
    <ClCompile Include="C:\Users\kbc19\Desktop\game\effekseerRun\Effekseer\Dev\Cpp\Effekseer\Effekseer\Effekseer.EffectNodeTrack.cpp">
      <Filter>Effekseer</Filter>
    </ClCompile>
    <ClCompile Include="C:\Users\kbc19\Desktop\game\effekseerRun\Effekseer\Dev\Cpp\Effekseer\Effekseer\Effekseer.FCurves.cpp">
      <Filter>Effekseer</Filter>
    </ClCompile>
    <ClCompile Include="C:\Users\kbc19\Desktop\game\effekseerRun\Effekseer\Dev\Cpp\Effekseer\Effekseer\Effekseer.Instance.cpp">
      <Filter>Effekseer</Filter>
    </ClCompile>
    <ClCompile Include="C:\Users\kbc19\Desktop\game\effekseerRun\Effekseer\Dev\Cpp\Effekseer\Effekseer\Effekseer.InstanceChunk.cpp">
      <Filter>Effekseer</Filter>
    </ClCompile>
    <ClCompile Include="C:\Users\kbc19\Desktop\game\effekseerRun\Effekseer\Dev\Cpp\Effekseer\Effekseer\Effekseer.InstanceContainer.cpp">
      <Filter>Effekseer</Filter>
    </ClCompile>
    <ClCompile Include="C:\Users\kbc19\Desktop\game\effekseerRun\Effekseer\Dev\Cpp\Effekseer\Effekseer\Effekseer.InstanceGlobal.cpp">
      <Filter>Effekseer</Filter>
    </ClCompile>
    <ClCompile Include="C:\Users\kbc19\Desktop\game\effekseerRun\Effekseer\Dev\Cpp\Effekseer\Effekseer\Effekseer.InstanceGroup.cpp">
      <Filter>Effekseer</Filter>
    </ClCompile>
    <ClCompile Include="C:\Users\kbc19\Desktop\game\effekseerRun\Effekseer\Dev\Cpp\Effekseer\Effekseer\Effekseer.InternalScript.cpp">
      <Filter>Effekseer</Filter>
    </ClCompile>
    <ClCompile Include="C:\Users\kbc19\Desktop\game\effekseerRun\Effekseer\Dev\Cpp\Effekseer\Effekseer\Effekseer.Manager.cpp">
      <Filter>Effekseer</Filter>
    </ClCompile>
    <ClCompile Include="C:\Users\kbc19\Desktop\game\effekseerRun\Effekseer\Dev\Cpp\Effekseer\Effekseer\Effekseer.Matrix43.cpp">
      <Filter>Effekseer</Filter>
    </ClCompile>
    <ClCompile Include="C:\Users\kbc19\Desktop\game\effekseerRun\Effekseer\Dev\Cpp\Effekseer\Effekseer\Effekseer.Matrix44.cpp">
      <Filter>Effekseer</Filter>
    </ClCompile>
    <ClCompile Include="C:\Users\kbc19\Desktop\game\effekseerRun\Effekseer\Dev\Cpp\Effekseer\Effekseer\Effekseer.Random.cpp">
      <Filter>Effekseer</Filter>
    </ClCompile>
    <ClCompile Include="C:\Users\kbc19\Desktop\game\effekseerRun\Effekseer\Dev\Cpp\Effekseer\Effekseer\Effekseer.RectF.cpp">
      <Filter>Effekseer</Filter>
    </ClCompile>
    <ClCompile Include="C:\Users\kbc19\Desktop\game\effekseerRun\Effekseer\Dev\Cpp\Effekseer\Effekseer\Effekseer.Resource.cpp">
      <Filter>Effekseer</Filter>
    </ClCompile>
    <ClCompile Include="C:\Users\kbc19\Desktop\game\effekseerRun\Effekseer\Dev\Cpp\Effekseer\Effekseer\Effekseer.ResourceManager.cpp">
      <Filter>Effekseer</Filter>
    </ClCompile>
    <ClCompile Include="C:\Users\kbc19\Desktop\game\effekseerRun\Effekseer\Dev\Cpp\Effekseer\Effekseer\Effekseer.Setting.cpp">
      <Filter>Effekseer</Filter>
    </ClCompile>
    <ClCompile Include="C:\Users\kbc19\Desktop\game\effekseerRun\Effekseer\Dev\Cpp\Effekseer\Effekseer\Effekseer.Server.cpp">
      <Filter>Effekseer</Filter>
    </ClCompile>
    <ClCompile Include="C:\Users\kbc19\Desktop\game\effekseerRun\Effekseer\Dev\Cpp\Effekseer\Effekseer\Effekseer.Socket.cpp">
      <Filter>Effekseer</Filter>
    </ClCompile>
    <ClCompile Include="C:\Users\kbc19\Desktop\game\effekseerRun\Effekseer\Dev\Cpp\Effekseer\Effekseer\Effekseer.Vector2D.cpp">
      <Filter>Effekseer</Filter>
    </ClCompile>
    <ClCompile Include="C:\Users\kbc19\Desktop\game\effekseerRun\Effekseer\Dev\Cpp\Effekseer\Effekseer\Effekseer.Vector3D.cpp">
      <Filter>Effekseer</Filter>
    </ClCompile>
    <ClCompile Include="C:\Users\kbc19\Desktop\game\effekseerRun\Effekseer\Dev\Cpp\Effekseer\Effekseer\Effekseer.WorkerThread.cpp">
      <Filter>Effekseer</Filter>
    </ClCompile>
    <ClCompile Include="C:\Users\kbc19\Desktop\game\effekseerRun\Effekseer\Dev\Cpp\Effekseer\Effekseer\Culling\Culling3D.Grid.cpp">
      <Filter>Effekseer\Culling</Filter>
    </ClCompile>
    <ClCompile Include="C:\Users\kbc19\Desktop\game\effekseerRun\Effekseer\Dev\Cpp\Effekseer\Effekseer\Culling\Culling3D.Layer.cpp">
      <Filter>Effekseer\Culling</Filter>
    </ClCompile>
    <ClCompile Include="C:\Users\kbc19\Desktop\game\effekseerRun\Effekseer\Dev\Cpp\Effekseer\Effekseer\Culling\Culling3D.Matrix44.cpp">
      <Filter>Effekseer\Culling</Filter>
    </ClCompile>
    <ClCompile Include="C:\Users\kbc19\Desktop\game\effekseerRun\Effekseer\Dev\Cpp\Effekseer\Effekseer\Culling\Culling3D.ObjectInternal.cpp">
      <Filter>Effekseer\Culling</Filter>
    </ClCompile>
    <ClCompile Include="C:\Users\kbc19\Desktop\game\effekseerRun\Effekseer\Dev\Cpp\Effekseer\Effekseer\Culling\Culling3D.ReferenceObject.cpp">
      <Filter>Effekseer\Culling</Filter>
    </ClCompile>
    <ClCompile Include="C:\Users\kbc19\Desktop\game\effekseerRun\Effekseer\Dev\Cpp\Effekseer\Effekseer\Culling\Culling3D.Vector3DF.cpp">
      <Filter>Effekseer\Culling</Filter>
    </ClCompile>
    <ClCompile Include="C:\Users\kbc19\Desktop\game\effekseerRun\Effekseer\Dev\Cpp\Effekseer\Effekseer\Culling\Culling3D.WorldInternal.cpp">
      <Filter>Effekseer\Culling</Filter>
    </ClCompile>
    <ClCompile Include="C:\Users\kbc19\Desktop\game\effekseerRun\Effekseer\Dev\Cpp\Effekseer\Effekseer\Material\Effekseer.MaterialFile.cpp">
      <Filter>Effekseer\Material</Filter>
    </ClCompile>
    <ClCompile Include="C:\Users\kbc19\Desktop\game\effekseerRun\Effekseer\Dev\Cpp\Effekseer\Effekseer\Material\Effekseer.CompiledMaterial.cpp">
      <Filter>Effekseer\Material</Filter>
    </ClCompile>
    <ClCompile Include="C:\Users\kbc19\Desktop\game\effekseerRun\Effekseer\Dev\Cpp\Effekseer\Effekseer\Material\Effekseer.MaterialCompiler.cpp">
      <Filter>Effekseer\Material</Filter>
    </ClCompile>
    <ClCompile Include="C:\Users\kbc19\Desktop\game\effekseerRun\Effekseer\Dev\Cpp\Effekseer\Effekseer\IO\Effekseer.EfkEfcFactory.cpp">
      <Filter>Effekseer\IO</Filter>
    </ClCompile>
    <ClCompile Include="C:\Users\kbc19\Desktop\game\effekseerRun\Effekseer\Dev\Cpp\Effekseer\Effekseer\Parameter\Easing.cpp">
      <Filter>Effekseer\Parameter</Filter>
    </ClCompile>
    <ClCompile Include="C:\Users\kbc19\Desktop\game\effekseerRun\Effekseer\Dev\Cpp\Effekseer\Effekseer\Parameter\Effekseer.Parameters.cpp">
      <Filter>Effekseer\Parameter</Filter>
    </ClCompile>
    <ClCompile Include="C:\Users\kbc19\Desktop\game\effekseerRun\Effekseer\Dev\Cpp\Effekseer\Effekseer\Utils\Effekseer.CustomAllocator.cpp">
      <Filter>Effekseer\Utils</Filter>
    </ClCompile>
    <ClCompile Include="C:\Users\kbc19\Desktop\game\effekseerRun\Effekseer\Dev\Cpp\Effekseer\Effekseer\SIMD\Mat43f.cpp">
      <Filter>Effekseer\SIMD</Filter>
    </ClCompile>
    <ClCompile Include="C:\Users\kbc19\Desktop\game\effekseerRun\Effekseer\Dev\Cpp\Effekseer\Effekseer\SIMD\Mat44f.cpp">
      <Filter>Effekseer\SIMD</Filter>
    </ClCompile>
    <ClCompile Include="C:\Users\kbc19\Desktop\game\effekseerRun\Effekseer\Dev\Cpp\Effekseer\Effekseer\SIMD\Utils.cpp">
      <Filter>Effekseer\SIMD</Filter>
    </ClCompile>
    <ClCompile Include="C:\Users\kbc19\Desktop\game\effekseerRun\Effekseer\Dev\Cpp\Effekseer\Effekseer\Noise\CurlNoise.cpp">
      <Filter>Effekseer\Noise</Filter>
    </ClCompile>
    <ClCompile Include="C:\Users\kbc19\Desktop\game\effekseerRun\Effekseer\Dev\Cpp\Effekseer\Effekseer\Noise\PerlinNoise.cpp">
      <Filter>Effekseer\Noise</Filter>
    </ClCompile>
    <ClCompile Include="C:\Users\kbc19\Desktop\game\effekseerRun\Effekseer\Dev\Cpp\Effekseer\Effekseer\ForceField\ForceFields.cpp">
      <Filter>Effekseer\ForceField</Filter>
    </ClCompile>
    <ClCompile Include="C:\Users\kbc19\Desktop\game\effekseerRun\Effekseer\Dev\Cpp\Effekseer\Effekseer\Model\ProcedualModelGenerator.cpp">
      <Filter>Effekseer\Model</Filter>
    </ClCompile>
    <ClCompile Include="C:\Users\kbc19\Desktop\game\effekseerRun\Effekseer\Dev\Cpp\Effekseer\Effekseer\Model\Model.cpp">
      <Filter>Effekseer\Model</Filter>
    </ClCompile>
    <ClCompile Include="C:\Users\kbc19\Desktop\game\effekseerRun\Effekseer\Dev\Cpp\Effekseer\Effekseer\Model\ModelLoader.cpp">
      <Filter>Effekseer\Model</Filter>
    </ClCompile>
    <ClCompile Include="C:\Users\kbc19\Desktop\game\effekseerRun\Effekseer\Dev\Cpp\Effekseer\Effekseer\Model\SplineGenerator.cpp">
      <Filter>Effekseer\Model</Filter>
    </ClCompile>
  </ItemGroup>
  <ItemGroup>
    <ClInclude Include="C:\Users\kbc19\Desktop\game\effekseerRun\Effekseer\Dev\Cpp\Effekseer\Effekseer.Modules.h" />
    <ClInclude Include="C:\Users\kbc19\Desktop\game\effekseerRun\Effekseer\Dev\Cpp\Effekseer\Effekseer.SIMD.h" />
    <ClInclude Include="C:\Users\kbc19\Desktop\game\effekseerRun\Effekseer\Dev\Cpp\Effekseer\Effekseer.h" />
    <ClInclude Include="C:\Users\kbc19\Desktop\game\effekseerRun\Effekseer\Dev\Cpp\Effekseer\Effekseer\Backend\GraphicsDevice.h">
      <Filter>Effekseer\Backend</Filter>
    </ClInclude>
    <ClInclude Include="C:\Users\kbc19\Desktop\game\effekseerRun\Effekseer\Dev\Cpp\Effekseer\Effekseer\Culling\Culling3D.Grid.h">
      <Filter>Effekseer\Culling</Filter>
    </ClInclude>
    <ClInclude Include="C:\Users\kbc19\Desktop\game\effekseerRun\Effekseer\Dev\Cpp\Effekseer\Effekseer\Culling\Culling3D.Layer.h">
      <Filter>Effekseer\Culling</Filter>
    </ClInclude>
    <ClInclude Include="C:\Users\kbc19\Desktop\game\effekseerRun\Effekseer\Dev\Cpp\Effekseer\Effekseer\Culling\Culling3D.ObjectInternal.h">
      <Filter>Effekseer\Culling</Filter>
    </ClInclude>
    <ClInclude Include="C:\Users\kbc19\Desktop\game\effekseerRun\Effekseer\Dev\Cpp\Effekseer\Effekseer\Culling\Culling3D.ReferenceObject.h">
      <Filter>Effekseer\Culling</Filter>
    </ClInclude>
    <ClInclude Include="C:\Users\kbc19\Desktop\game\effekseerRun\Effekseer\Dev\Cpp\Effekseer\Effekseer\Culling\Culling3D.WorldInternal.h">
      <Filter>Effekseer\Culling</Filter>
    </ClInclude>
    <ClInclude Include="C:\Users\kbc19\Desktop\game\effekseerRun\Effekseer\Dev\Cpp\Effekseer\Effekseer\Culling\Culling3D.h">
      <Filter>Effekseer\Culling</Filter>
    </ClInclude>
    <ClInclude Include="C:\Users\kbc19\Desktop\game\effekseerRun\Effekseer\Dev\Cpp\Effekseer\Effekseer\Effekseer.Base.Pre.h">
      <Filter>Effekseer</Filter>
    </ClInclude>
    <ClInclude Include="C:\Users\kbc19\Desktop\game\effekseerRun\Effekseer\Dev\Cpp\Effekseer\Effekseer\Effekseer.Base.h">
      <Filter>Effekseer</Filter>
    </ClInclude>
    <ClInclude Include="C:\Users\kbc19\Desktop\game\effekseerRun\Effekseer\Dev\Cpp\Effekseer\Effekseer\Effekseer.Client.h">
      <Filter>Effekseer</Filter>
    </ClInclude>
    <ClInclude Include="C:\Users\kbc19\Desktop\game\effekseerRun\Effekseer\Dev\Cpp\Effekseer\Effekseer\Effekseer.ClientImplemented.h">
      <Filter>Effekseer</Filter>
    </ClInclude>
    <ClInclude Include="C:\Users\kbc19\Desktop\game\effekseerRun\Effekseer\Dev\Cpp\Effekseer\Effekseer\Effekseer.Color.h">
      <Filter>Effekseer</Filter>
    </ClInclude>
    <ClInclude Include="C:\Users\kbc19\Desktop\game\effekseerRun\Effekseer\Dev\Cpp\Effekseer\Effekseer\Effekseer.Curve.h">
      <Filter>Effekseer</Filter>
    </ClInclude>
    <ClInclude Include="C:\Users\kbc19\Desktop\game\effekseerRun\Effekseer\Dev\Cpp\Effekseer\Effekseer\Effekseer.CurveLoader.h">
      <Filter>Effekseer</Filter>
    </ClInclude>
    <ClInclude Include="C:\Users\kbc19\Desktop\game\effekseerRun\Effekseer\Dev\Cpp\Effekseer\Effekseer\Effekseer.DefaultEffectLoader.h">
      <Filter>Effekseer</Filter>
    </ClInclude>
    <ClInclude Include="C:\Users\kbc19\Desktop\game\effekseerRun\Effekseer\Dev\Cpp\Effekseer\Effekseer\Effekseer.DefaultFile.h">
      <Filter>Effekseer</Filter>
    </ClInclude>
    <ClInclude Include="C:\Users\kbc19\Desktop\game\effekseerRun\Effekseer\Dev\Cpp\Effekseer\Effekseer\Effekseer.Effect.h">
      <Filter>Effekseer</Filter>
    </ClInclude>
    <ClInclude Include="C:\Users\kbc19\Desktop\game\effekseerRun\Effekseer\Dev\Cpp\Effekseer\Effekseer\Effekseer.EffectImplemented.h">
      <Filter>Effekseer</Filter>
    </ClInclude>
    <ClInclude Include="C:\Users\kbc19\Desktop\game\effekseerRun\Effekseer\Dev\Cpp\Effekseer\Effekseer\Effekseer.EffectLoader.h">
      <Filter>Effekseer</Filter>
    </ClInclude>
    <ClInclude Include="C:\Users\kbc19\Desktop\game\effekseerRun\Effekseer\Dev\Cpp\Effekseer\Effekseer\Effekseer.EffectNode.h">
      <Filter>Effekseer</Filter>
    </ClInclude>
    <ClInclude Include="C:\Users\kbc19\Desktop\game\effekseerRun\Effekseer\Dev\Cpp\Effekseer\Effekseer\Effekseer.EffectNodeModel.h">
      <Filter>Effekseer</Filter>
    </ClInclude>
    <ClInclude Include="C:\Users\kbc19\Desktop\game\effekseerRun\Effekseer\Dev\Cpp\Effekseer\Effekseer\Effekseer.EffectNodeRibbon.h">
      <Filter>Effekseer</Filter>
    </ClInclude>
    <ClInclude Include="C:\Users\kbc19\Desktop\game\effekseerRun\Effekseer\Dev\Cpp\Effekseer\Effekseer\Effekseer.EffectNodeRing.h">
      <Filter>Effekseer</Filter>
    </ClInclude>
    <ClInclude Include="C:\Users\kbc19\Desktop\game\effekseerRun\Effekseer\Dev\Cpp\Effekseer\Effekseer\Effekseer.EffectNodeRoot.h">
      <Filter>Effekseer</Filter>
    </ClInclude>
    <ClInclude Include="C:\Users\kbc19\Desktop\game\effekseerRun\Effekseer\Dev\Cpp\Effekseer\Effekseer\Effekseer.EffectNodeSprite.h">
      <Filter>Effekseer</Filter>
    </ClInclude>
    <ClInclude Include="C:\Users\kbc19\Desktop\game\effekseerRun\Effekseer\Dev\Cpp\Effekseer\Effekseer\Effekseer.EffectNodeTrack.h">
      <Filter>Effekseer</Filter>
    </ClInclude>
    <ClInclude Include="C:\Users\kbc19\Desktop\game\effekseerRun\Effekseer\Dev\Cpp\Effekseer\Effekseer\Effekseer.FCurves.h">
      <Filter>Effekseer</Filter>
    </ClInclude>
    <ClInclude Include="C:\Users\kbc19\Desktop\game\effekseerRun\Effekseer\Dev\Cpp\Effekseer\Effekseer\Effekseer.File.h">
      <Filter>Effekseer</Filter>
    </ClInclude>
    <ClInclude Include="C:\Users\kbc19\Desktop\game\effekseerRun\Effekseer\Dev\Cpp\Effekseer\Effekseer\Effekseer.Instance.h">
      <Filter>Effekseer</Filter>
    </ClInclude>
    <ClInclude Include="C:\Users\kbc19\Desktop\game\effekseerRun\Effekseer\Dev\Cpp\Effekseer\Effekseer\Effekseer.InstanceChunk.h">
      <Filter>Effekseer</Filter>
    </ClInclude>
    <ClInclude Include="C:\Users\kbc19\Desktop\game\effekseerRun\Effekseer\Dev\Cpp\Effekseer\Effekseer\Effekseer.InstanceContainer.h">
      <Filter>Effekseer</Filter>
    </ClInclude>
    <ClInclude Include="C:\Users\kbc19\Desktop\game\effekseerRun\Effekseer\Dev\Cpp\Effekseer\Effekseer\Effekseer.InstanceGlobal.h">
      <Filter>Effekseer</Filter>
    </ClInclude>
    <ClInclude Include="C:\Users\kbc19\Desktop\game\effekseerRun\Effekseer\Dev\Cpp\Effekseer\Effekseer\Effekseer.InstanceGroup.h">
      <Filter>Effekseer</Filter>
    </ClInclude>
    <ClInclude Include="C:\Users\kbc19\Desktop\game\effekseerRun\Effekseer\Dev\Cpp\Effekseer\Effekseer\Effekseer.InternalScript.h">
      <Filter>Effekseer</Filter>
    </ClInclude>
    <ClInclude Include="C:\Users\kbc19\Desktop\game\effekseerRun\Effekseer\Dev\Cpp\Effekseer\Effekseer\Effekseer.InternalStruct.h">
      <Filter>Effekseer</Filter>
    </ClInclude>
    <ClInclude Include="C:\Users\kbc19\Desktop\game\effekseerRun\Effekseer\Dev\Cpp\Effekseer\Effekseer\Effekseer.IntrusiveList.h">
      <Filter>Effekseer</Filter>
    </ClInclude>
    <ClInclude Include="C:\Users\kbc19\Desktop\game\effekseerRun\Effekseer\Dev\Cpp\Effekseer\Effekseer\Effekseer.Manager.h">
      <Filter>Effekseer</Filter>
    </ClInclude>
    <ClInclude Include="C:\Users\kbc19\Desktop\game\effekseerRun\Effekseer\Dev\Cpp\Effekseer\Effekseer\Effekseer.ManagerImplemented.h">
      <Filter>Effekseer</Filter>
    </ClInclude>
    <ClInclude Include="C:\Users\kbc19\Desktop\game\effekseerRun\Effekseer\Dev\Cpp\Effekseer\Effekseer\Effekseer.MaterialLoader.h">
      <Filter>Effekseer</Filter>
    </ClInclude>
    <ClInclude Include="C:\Users\kbc19\Desktop\game\effekseerRun\Effekseer\Dev\Cpp\Effekseer\Effekseer\Effekseer.Math.h">
      <Filter>Effekseer</Filter>
    </ClInclude>
    <ClInclude Include="C:\Users\kbc19\Desktop\game\effekseerRun\Effekseer\Dev\Cpp\Effekseer\Effekseer\Effekseer.Matrix43.h">
      <Filter>Effekseer</Filter>
    </ClInclude>
    <ClInclude Include="C:\Users\kbc19\Desktop\game\effekseerRun\Effekseer\Dev\Cpp\Effekseer\Effekseer\Effekseer.Matrix44.h">
      <Filter>Effekseer</Filter>
    </ClInclude>
    <ClInclude Include="C:\Users\kbc19\Desktop\game\effekseerRun\Effekseer\Dev\Cpp\Effekseer\Effekseer\Effekseer.Random.h">
      <Filter>Effekseer</Filter>
    </ClInclude>
    <ClInclude Include="C:\Users\kbc19\Desktop\game\effekseerRun\Effekseer\Dev\Cpp\Effekseer\Effekseer\Effekseer.RectF.h">
      <Filter>Effekseer</Filter>
    </ClInclude>
    <ClInclude Include="C:\Users\kbc19\Desktop\game\effekseerRun\Effekseer\Dev\Cpp\Effekseer\Effekseer\Effekseer.Resource.h">
      <Filter>Effekseer</Filter>
    </ClInclude>
    <ClInclude Include="C:\Users\kbc19\Desktop\game\effekseerRun\Effekseer\Dev\Cpp\Effekseer\Effekseer\Effekseer.ResourceManager.h">
      <Filter>Effekseer</Filter>
    </ClInclude>
    <ClInclude Include="C:\Users\kbc19\Desktop\game\effekseerRun\Effekseer\Dev\Cpp\Effekseer\Effekseer\Effekseer.Server.h">
      <Filter>Effekseer</Filter>
    </ClInclude>
    <ClInclude Include="C:\Users\kbc19\Desktop\game\effekseerRun\Effekseer\Dev\Cpp\Effekseer\Effekseer\Effekseer.ServerImplemented.h">
      <Filter>Effekseer</Filter>
    </ClInclude>
    <ClInclude Include="C:\Users\kbc19\Desktop\game\effekseerRun\Effekseer\Dev\Cpp\Effekseer\Effekseer\Effekseer.Setting.h">
      <Filter>Effekseer</Filter>
    </ClInclude>
    <ClInclude Include="C:\Users\kbc19\Desktop\game\effekseerRun\Effekseer\Dev\Cpp\Effekseer\Effekseer\Effekseer.Socket.h">
      <Filter>Effekseer</Filter>
    </ClInclude>
    <ClInclude Include="C:\Users\kbc19\Desktop\game\effekseerRun\Effekseer\Dev\Cpp\Effekseer\Effekseer\Effekseer.SoundLoader.h">
      <Filter>Effekseer</Filter>
    </ClInclude>
    <ClInclude Include="C:\Users\kbc19\Desktop\game\effekseerRun\Effekseer\Dev\Cpp\Effekseer\Effekseer\Effekseer.TextureLoader.h">
      <Filter>Effekseer</Filter>
    </ClInclude>
    <ClInclude Include="C:\Users\kbc19\Desktop\game\effekseerRun\Effekseer\Dev\Cpp\Effekseer\Effekseer\Effekseer.Vector2D.h">
      <Filter>Effekseer</Filter>
    </ClInclude>
    <ClInclude Include="C:\Users\kbc19\Desktop\game\effekseerRun\Effekseer\Dev\Cpp\Effekseer\Effekseer\Effekseer.Vector3D.h">
      <Filter>Effekseer</Filter>
    </ClInclude>
    <ClInclude Include="C:\Users\kbc19\Desktop\game\effekseerRun\Effekseer\Dev\Cpp\Effekseer\Effekseer\Effekseer.WorkerThread.h">
      <Filter>Effekseer</Filter>
    </ClInclude>
    <ClInclude Include="C:\Users\kbc19\Desktop\game\effekseerRun\Effekseer\Dev\Cpp\Effekseer\Effekseer\ForceField\ForceFields.h">
      <Filter>Effekseer\ForceField</Filter>
    </ClInclude>
    <ClInclude Include="C:\Users\kbc19\Desktop\game\effekseerRun\Effekseer\Dev\Cpp\Effekseer\Effekseer\IO\Effekseer.EfkEfcFactory.h">
      <Filter>Effekseer\IO</Filter>
    </ClInclude>
    <ClInclude Include="C:\Users\kbc19\Desktop\game\effekseerRun\Effekseer\Dev\Cpp\Effekseer\Effekseer\Material\Effekseer.CompiledMaterial.h">
      <Filter>Effekseer\Material</Filter>
    </ClInclude>
    <ClInclude Include="C:\Users\kbc19\Desktop\game\effekseerRun\Effekseer\Dev\Cpp\Effekseer\Effekseer\Material\Effekseer.MaterialCompiler.h">
      <Filter>Effekseer\Material</Filter>
    </ClInclude>
    <ClInclude Include="C:\Users\kbc19\Desktop\game\effekseerRun\Effekseer\Dev\Cpp\Effekseer\Effekseer\Material\Effekseer.MaterialFile.h">
      <Filter>Effekseer\Material</Filter>
    </ClInclude>
    <ClInclude Include="C:\Users\kbc19\Desktop\game\effekseerRun\Effekseer\Dev\Cpp\Effekseer\Effekseer\Model\Model.h">
      <Filter>Effekseer\Model</Filter>
    </ClInclude>
    <ClInclude Include="C:\Users\kbc19\Desktop\game\effekseerRun\Effekseer\Dev\Cpp\Effekseer\Effekseer\Model\ModelLoader.h">
      <Filter>Effekseer\Model</Filter>
    </ClInclude>
    <ClInclude Include="C:\Users\kbc19\Desktop\game\effekseerRun\Effekseer\Dev\Cpp\Effekseer\Effekseer\Model\ProcedualModelGenerator.h">
      <Filter>Effekseer\Model</Filter>
    </ClInclude>
    <ClInclude Include="C:\Users\kbc19\Desktop\game\effekseerRun\Effekseer\Dev\Cpp\Effekseer\Effekseer\Model\ProcedualModelParameter.h">
      <Filter>Effekseer\Model</Filter>
    </ClInclude>
    <ClInclude Include="C:\Users\kbc19\Desktop\game\effekseerRun\Effekseer\Dev\Cpp\Effekseer\Effekseer\Model\SplineGenerator.h">
      <Filter>Effekseer\Model</Filter>
    </ClInclude>
    <ClInclude Include="C:\Users\kbc19\Desktop\game\effekseerRun\Effekseer\Dev\Cpp\Effekseer\Effekseer\Noise\CurlNoise.h">
      <Filter>Effekseer\Noise</Filter>
    </ClInclude>
    <ClInclude Include="C:\Users\kbc19\Desktop\game\effekseerRun\Effekseer\Dev\Cpp\Effekseer\Effekseer\Noise\PerlinNoise.h">
      <Filter>Effekseer\Noise</Filter>
    </ClInclude>
    <ClInclude Include="C:\Users\kbc19\Desktop\game\effekseerRun\Effekseer\Dev\Cpp\Effekseer\Effekseer\Parameter\DynamicParameter.h">
      <Filter>Effekseer\Parameter</Filter>
    </ClInclude>
    <ClInclude Include="C:\Users\kbc19\Desktop\game\effekseerRun\Effekseer\Dev\Cpp\Effekseer\Effekseer\Parameter\Easing.h">
      <Filter>Effekseer\Parameter</Filter>
    </ClInclude>
    <ClInclude Include="C:\Users\kbc19\Desktop\game\effekseerRun\Effekseer\Dev\Cpp\Effekseer\Effekseer\Parameter\Effekseer.Parameters.h">
      <Filter>Effekseer\Parameter</Filter>
    </ClInclude>
    <ClInclude Include="C:\Users\kbc19\Desktop\game\effekseerRun\Effekseer\Dev\Cpp\Effekseer\Effekseer\Renderer\Effekseer.ModelRenderer.h">
      <Filter>Effekseer\Renderer</Filter>
    </ClInclude>
    <ClInclude Include="C:\Users\kbc19\Desktop\game\effekseerRun\Effekseer\Dev\Cpp\Effekseer\Effekseer\Renderer\Effekseer.ParticleRenderer.h">
      <Filter>Effekseer\Renderer</Filter>
    </ClInclude>
    <ClInclude Include="C:\Users\kbc19\Desktop\game\effekseerRun\Effekseer\Dev\Cpp\Effekseer\Effekseer\Renderer\Effekseer.RibbonRenderer.h">
      <Filter>Effekseer\Renderer</Filter>
    </ClInclude>
    <ClInclude Include="C:\Users\kbc19\Desktop\game\effekseerRun\Effekseer\Dev\Cpp\Effekseer\Effekseer\Renderer\Effekseer.RingRenderer.h">
      <Filter>Effekseer\Renderer</Filter>
    </ClInclude>
    <ClInclude Include="C:\Users\kbc19\Desktop\game\effekseerRun\Effekseer\Dev\Cpp\Effekseer\Effekseer\Renderer\Effekseer.SpriteRenderer.h">
      <Filter>Effekseer\Renderer</Filter>
    </ClInclude>
    <ClInclude Include="C:\Users\kbc19\Desktop\game\effekseerRun\Effekseer\Dev\Cpp\Effekseer\Effekseer\Renderer\Effekseer.TrackRenderer.h">
      <Filter>Effekseer\Renderer</Filter>
    </ClInclude>
    <ClInclude Include="C:\Users\kbc19\Desktop\game\effekseerRun\Effekseer\Dev\Cpp\Effekseer\Effekseer\Utils\BinaryVersion.h">
      <Filter>Effekseer\Utils</Filter>
    </ClInclude>
    <ClInclude Include="C:\Users\kbc19\Desktop\game\effekseerRun\Effekseer\Dev\Cpp\Effekseer\Effekseer\Utils\Effekseer.BinaryReader.h">
      <Filter>Effekseer\Utils</Filter>
    </ClInclude>
    <ClInclude Include="C:\Users\kbc19\Desktop\game\effekseerRun\Effekseer\Dev\Cpp\Effekseer\Effekseer\Utils\Effekseer.CustomAllocator.h">
      <Filter>Effekseer\Utils</Filter>
    </ClInclude>
  </ItemGroup>
  <ItemGroup>
    <CustomBuild Include="C:\Users\kbc19\Desktop\game\effekseerRun\Effekseer\Dev\Cpp\Effekseer\CMakeLists.txt" />
  </ItemGroup>
  <ItemGroup>
    <Filter Include="Effekseer">
      <UniqueIdentifier>{C1AF14F4-9B97-3FD0-9686-5DAAE7CA4B6A}</UniqueIdentifier>
    </Filter>
    <Filter Include="Effekseer\Backend">
      <UniqueIdentifier>{E775F5A8-6BA7-3243-B112-B9116F918AF2}</UniqueIdentifier>
    </Filter>
    <Filter Include="Effekseer\Culling">
      <UniqueIdentifier>{06E25CAD-7EC1-362E-99D3-C9B14439B926}</UniqueIdentifier>
    </Filter>
    <Filter Include="Effekseer\ForceField">
      <UniqueIdentifier>{906EEA0A-A970-3374-B3AD-5CDFA8381C5B}</UniqueIdentifier>
    </Filter>
    <Filter Include="Effekseer\IO">
      <UniqueIdentifier>{A084863F-D8E8-318A-ADE5-84738B45C56F}</UniqueIdentifier>
    </Filter>
    <Filter Include="Effekseer\Material">
      <UniqueIdentifier>{A644CF99-447D-3EA0-85EA-FE851124A88C}</UniqueIdentifier>
    </Filter>
    <Filter Include="Effekseer\Model">
      <UniqueIdentifier>{258D096D-CC68-39B7-89EB-F8607455ECC6}</UniqueIdentifier>
    </Filter>
    <Filter Include="Effekseer\Noise">
      <UniqueIdentifier>{E7DC132F-EBA4-3652-A38F-1154C548EAF2}</UniqueIdentifier>
    </Filter>
    <Filter Include="Effekseer\Parameter">
      <UniqueIdentifier>{008FF385-8661-30D9-AC98-2E46E42CAEBA}</UniqueIdentifier>
    </Filter>
    <Filter Include="Effekseer\Renderer">
      <UniqueIdentifier>{3BFE94B0-1AFC-3C32-A645-511E58B88E13}</UniqueIdentifier>
    </Filter>
    <Filter Include="Effekseer\SIMD">
      <UniqueIdentifier>{FEE8E11C-BE23-3667-A5D7-3C39B7E7C34E}</UniqueIdentifier>
    </Filter>
    <Filter Include="Effekseer\Utils">
      <UniqueIdentifier>{8B7D5084-71CD-338F-8C5A-5CA0D73E9843}</UniqueIdentifier>
    </Filter>
  </ItemGroup>
</Project>
