<?xml version="1.0" encoding="utf-8"?>
<Project ToolsVersion="16.0" xmlns="http://schemas.microsoft.com/developer/msbuild/2003">
  <ItemGroup>
    <CustomBuild Include="C:\Users\kbc19\Desktop\game\effekseerRun\Effekseer\CMakeFiles\41a63010297c6a455d24aac38d159e69\INSTALL_force.rule">
      <Filter>CMake Rules</Filter>
    </CustomBuild>
  </ItemGroup>
  <ItemGroup>
    <Filter Include="CMake Rules">
      <UniqueIdentifier>{9817F5CC-6173-3C5E-A5E8-DEA86CB519FD}</UniqueIdentifier>
    </Filter>
  </ItemGroup>
</Project>
