<?xml version="1.0" encoding="utf-8"?>
<Project ToolsVersion="16.0" xmlns="http://schemas.microsoft.com/developer/msbuild/2003">
  <ItemGroup>
    <ClCompile Include="C:\Users\kbc19\Desktop\game\effekseerRun\Effekseer\Dev\Cpp\EffekseerSoundXAudio2\EffekseerSound\EffekseerSoundXAudio2.Sound.cpp">
      <Filter>Source Files</Filter>
    </ClCompile>
    <ClCompile Include="C:\Users\kbc19\Desktop\game\effekseerRun\Effekseer\Dev\Cpp\EffekseerSoundXAudio2\EffekseerSound\EffekseerSoundXAudio2.SoundLoader.cpp">
      <Filter>Source Files</Filter>
    </ClCompile>
    <ClCompile Include="C:\Users\kbc19\Desktop\game\effekseerRun\Effekseer\Dev\Cpp\EffekseerSoundXAudio2\EffekseerSound\EffekseerSoundXAudio2.SoundPlayer.cpp">
      <Filter>Source Files</Filter>
    </ClCompile>
    <ClCompile Include="C:\Users\kbc19\Desktop\game\effekseerRun\Effekseer\Dev\Cpp\EffekseerSoundXAudio2\EffekseerSound\EffekseerSoundXAudio2.SoundVoice.cpp">
      <Filter>Source Files</Filter>
    </ClCompile>
  </ItemGroup>
  <ItemGroup>
    <CustomBuild Include="C:\Users\kbc19\Desktop\game\effekseerRun\Effekseer\Dev\Cpp\EffekseerSoundXAudio2\CMakeLists.txt" />
  </ItemGroup>
  <ItemGroup>
    <Filter Include="Source Files">
      <UniqueIdentifier>{DBF2B363-CA58-35C6-8BD5-9F53AA7F6323}</UniqueIdentifier>
    </Filter>
  </ItemGroup>
</Project>
