
Microsoft Visual Studio Solution File, Format Version 12.00
# Visual Studio Version 16
Project("{2150E333-8FDC-42A3-9474-1A3956D46DE8}") = "CMakePredefinedTargets", "CMakePredefinedTargets", "{2087C799-3C70-3537-84F5-08A6CD9C6C30}"
EndProject
Project("{8BC9CEB8-8B4A-11D0-8D11-00A0C91BC942}") = "ALL_BUILD", "ALL_BUILD.vcxproj", "{1EE70B40-E480-3760-9A61-B3E5929C5295}"
	ProjectSection(ProjectDependencies) = postProject
		{E149FF47-AF56-38D0-9263-90A12D1F769E} = {E149FF47-AF56-38D0-9263-90A12D1F769E}
		{D925F4DF-CD07-3B61-9919-179E39B0992A} = {D925F4DF-CD07-3B61-9919-179E39B0992A}
	EndProjectSection
EndProject
Project("{8BC9CEB8-8B4A-11D0-8D11-00A0C91BC942}") = "EffekseerSoundXAudio2", "EffekseerSoundXAudio2.vcxproj", "{E149FF47-AF56-38D0-9263-90A12D1F769E}"
	ProjectSection(ProjectDependencies) = postProject
		{D925F4DF-CD07-3B61-9919-179E39B0992A} = {D925F4DF-CD07-3B61-9919-179E39B0992A}
	EndProjectSection
EndProject
Project("{8BC9CEB8-8B4A-11D0-8D11-00A0C91BC942}") = "INSTALL", "INSTALL.vcxproj", "{409DA20F-6C4B-31A2-8F86-5E0A26BB3F95}"
	ProjectSection(ProjectDependencies) = postProject
		{1EE70B40-E480-3760-9A61-B3E5929C5295} = {1EE70B40-E480-3760-9A61-B3E5929C5295}
		{D925F4DF-CD07-3B61-9919-179E39B0992A} = {D925F4DF-CD07-3B61-9919-179E39B0992A}
	EndProjectSection
EndProject
Project("{8BC9CEB8-8B4A-11D0-8D11-00A0C91BC942}") = "ZERO_CHECK", "..\..\..\\ZERO_CHECK.vcxproj", "{D925F4DF-CD07-3B61-9919-179E39B0992A}"
	ProjectSection(ProjectDependencies) = postProject
	EndProjectSection
EndProject
Global
	GlobalSection(SolutionConfigurationPlatforms) = preSolution
		Debug|x64 = Debug|x64
		Release|x64 = Release|x64
		MinSizeRel|x64 = MinSizeRel|x64
		RelWithDebInfo|x64 = RelWithDebInfo|x64
	EndGlobalSection
	GlobalSection(ProjectConfigurationPlatforms) = postSolution
		{1EE70B40-E480-3760-9A61-B3E5929C5295}.Debug|x64.ActiveCfg = Debug|x64
		{1EE70B40-E480-3760-9A61-B3E5929C5295}.Debug|x64.Build.0 = Debug|x64
		{1EE70B40-E480-3760-9A61-B3E5929C5295}.Release|x64.ActiveCfg = Release|x64
		{1EE70B40-E480-3760-9A61-B3E5929C5295}.Release|x64.Build.0 = Release|x64
		{1EE70B40-E480-3760-9A61-B3E5929C5295}.MinSizeRel|x64.ActiveCfg = MinSizeRel|x64
		{1EE70B40-E480-3760-9A61-B3E5929C5295}.MinSizeRel|x64.Build.0 = MinSizeRel|x64
		{1EE70B40-E480-3760-9A61-B3E5929C5295}.RelWithDebInfo|x64.ActiveCfg = RelWithDebInfo|x64
		{1EE70B40-E480-3760-9A61-B3E5929C5295}.RelWithDebInfo|x64.Build.0 = RelWithDebInfo|x64
		{E149FF47-AF56-38D0-9263-90A12D1F769E}.Debug|x64.ActiveCfg = Debug|x64
		{E149FF47-AF56-38D0-9263-90A12D1F769E}.Debug|x64.Build.0 = Debug|x64
		{E149FF47-AF56-38D0-9263-90A12D1F769E}.Release|x64.ActiveCfg = Release|x64
		{E149FF47-AF56-38D0-9263-90A12D1F769E}.Release|x64.Build.0 = Release|x64
		{E149FF47-AF56-38D0-9263-90A12D1F769E}.MinSizeRel|x64.ActiveCfg = MinSizeRel|x64
		{E149FF47-AF56-38D0-9263-90A12D1F769E}.MinSizeRel|x64.Build.0 = MinSizeRel|x64
		{E149FF47-AF56-38D0-9263-90A12D1F769E}.RelWithDebInfo|x64.ActiveCfg = RelWithDebInfo|x64
		{E149FF47-AF56-38D0-9263-90A12D1F769E}.RelWithDebInfo|x64.Build.0 = RelWithDebInfo|x64
		{409DA20F-6C4B-31A2-8F86-5E0A26BB3F95}.Debug|x64.ActiveCfg = Debug|x64
		{409DA20F-6C4B-31A2-8F86-5E0A26BB3F95}.Release|x64.ActiveCfg = Release|x64
		{409DA20F-6C4B-31A2-8F86-5E0A26BB3F95}.MinSizeRel|x64.ActiveCfg = MinSizeRel|x64
		{409DA20F-6C4B-31A2-8F86-5E0A26BB3F95}.RelWithDebInfo|x64.ActiveCfg = RelWithDebInfo|x64
		{D925F4DF-CD07-3B61-9919-179E39B0992A}.Debug|x64.ActiveCfg = Debug|x64
		{D925F4DF-CD07-3B61-9919-179E39B0992A}.Debug|x64.Build.0 = Debug|x64
		{D925F4DF-CD07-3B61-9919-179E39B0992A}.Release|x64.ActiveCfg = Release|x64
		{D925F4DF-CD07-3B61-9919-179E39B0992A}.Release|x64.Build.0 = Release|x64
		{D925F4DF-CD07-3B61-9919-179E39B0992A}.MinSizeRel|x64.ActiveCfg = MinSizeRel|x64
		{D925F4DF-CD07-3B61-9919-179E39B0992A}.MinSizeRel|x64.Build.0 = MinSizeRel|x64
		{D925F4DF-CD07-3B61-9919-179E39B0992A}.RelWithDebInfo|x64.ActiveCfg = RelWithDebInfo|x64
		{D925F4DF-CD07-3B61-9919-179E39B0992A}.RelWithDebInfo|x64.Build.0 = RelWithDebInfo|x64
	EndGlobalSection
	GlobalSection(NestedProjects) = preSolution
		{1EE70B40-E480-3760-9A61-B3E5929C5295} = {2087C799-3C70-3537-84F5-08A6CD9C6C30}
		{409DA20F-6C4B-31A2-8F86-5E0A26BB3F95} = {2087C799-3C70-3537-84F5-08A6CD9C6C30}
		{D925F4DF-CD07-3B61-9919-179E39B0992A} = {2087C799-3C70-3537-84F5-08A6CD9C6C30}
	EndGlobalSection
	GlobalSection(ExtensibilityGlobals) = postSolution
		SolutionGuid = {D6572933-DB21-3FEC-B904-8FB0DC9BB500}
	EndGlobalSection
	GlobalSection(ExtensibilityAddIns) = postSolution
	EndGlobalSection
EndGlobal
