
Microsoft Visual Studio Solution File, Format Version 12.00
# Visual Studio Version 16
Project("{2150E333-8FDC-42A3-9474-1A3956D46DE8}") = "CMakePredefinedTargets", "CMakePredefinedTargets", "{2087C799-3C70-3537-84F5-08A6CD9C6C30}"
EndProject
Project("{8BC9CEB8-8B4A-11D0-8D11-00A0C91BC942}") = "ALL_BUILD", "ALL_BUILD.vcxproj", "{1EE70B40-E480-3760-9A61-B3E5929C5295}"
	ProjectSection(ProjectDependencies) = postProject
		{08443C1F-C16B-3808-A19A-1D5D6C7BFA51} = {08443C1F-C16B-3808-A19A-1D5D6C7BFA51}
		{D925F4DF-CD07-3B61-9919-179E39B0992A} = {D925F4DF-CD07-3B61-9919-179E39B0992A}
	EndProjectSection
EndProject
Project("{8BC9CEB8-8B4A-11D0-8D11-00A0C91BC942}") = "Effekseer", "..\Effekseer\Effekseer.vcxproj", "{20C9ABBF-2E6D-3A7D-9EF6-55618767A498}"
	ProjectSection(ProjectDependencies) = postProject
		{D925F4DF-CD07-3B61-9919-179E39B0992A} = {D925F4DF-CD07-3B61-9919-179E39B0992A}
	EndProjectSection
EndProject
Project("{8BC9CEB8-8B4A-11D0-8D11-00A0C91BC942}") = "EffekseerRendererDX12", "EffekseerRendererDX12.vcxproj", "{08443C1F-C16B-3808-A19A-1D5D6C7BFA51}"
	ProjectSection(ProjectDependencies) = postProject
		{20C9ABBF-2E6D-3A7D-9EF6-55618767A498} = {20C9ABBF-2E6D-3A7D-9EF6-55618767A498}
		{A3438589-75DB-3DAE-A812-960C599A3385} = {A3438589-75DB-3DAE-A812-960C599A3385}
		{D925F4DF-CD07-3B61-9919-179E39B0992A} = {D925F4DF-CD07-3B61-9919-179E39B0992A}
	EndProjectSection
EndProject
Project("{8BC9CEB8-8B4A-11D0-8D11-00A0C91BC942}") = "INSTALL", "INSTALL.vcxproj", "{409DA20F-6C4B-31A2-8F86-5E0A26BB3F95}"
	ProjectSection(ProjectDependencies) = postProject
		{1EE70B40-E480-3760-9A61-B3E5929C5295} = {1EE70B40-E480-3760-9A61-B3E5929C5295}
		{D925F4DF-CD07-3B61-9919-179E39B0992A} = {D925F4DF-CD07-3B61-9919-179E39B0992A}
	EndProjectSection
EndProject
Project("{8BC9CEB8-8B4A-11D0-8D11-00A0C91BC942}") = "LLGI", "..\3rdParty\LLGI\src\LLGI.vcxproj", "{A3438589-75DB-3DAE-A812-960C599A3385}"
	ProjectSection(ProjectDependencies) = postProject
		{D925F4DF-CD07-3B61-9919-179E39B0992A} = {D925F4DF-CD07-3B61-9919-179E39B0992A}
	EndProjectSection
EndProject
Project("{8BC9CEB8-8B4A-11D0-8D11-00A0C91BC942}") = "ZERO_CHECK", "..\..\..\\ZERO_CHECK.vcxproj", "{D925F4DF-CD07-3B61-9919-179E39B0992A}"
	ProjectSection(ProjectDependencies) = postProject
	EndProjectSection
EndProject
Global
	GlobalSection(SolutionConfigurationPlatforms) = preSolution
		Debug|x64 = Debug|x64
		Release|x64 = Release|x64
		MinSizeRel|x64 = MinSizeRel|x64
		RelWithDebInfo|x64 = RelWithDebInfo|x64
	EndGlobalSection
	GlobalSection(ProjectConfigurationPlatforms) = postSolution
		{1EE70B40-E480-3760-9A61-B3E5929C5295}.Debug|x64.ActiveCfg = Debug|x64
		{1EE70B40-E480-3760-9A61-B3E5929C5295}.Debug|x64.Build.0 = Debug|x64
		{1EE70B40-E480-3760-9A61-B3E5929C5295}.Release|x64.ActiveCfg = Release|x64
		{1EE70B40-E480-3760-9A61-B3E5929C5295}.Release|x64.Build.0 = Release|x64
		{1EE70B40-E480-3760-9A61-B3E5929C5295}.MinSizeRel|x64.ActiveCfg = MinSizeRel|x64
		{1EE70B40-E480-3760-9A61-B3E5929C5295}.MinSizeRel|x64.Build.0 = MinSizeRel|x64
		{1EE70B40-E480-3760-9A61-B3E5929C5295}.RelWithDebInfo|x64.ActiveCfg = RelWithDebInfo|x64
		{1EE70B40-E480-3760-9A61-B3E5929C5295}.RelWithDebInfo|x64.Build.0 = RelWithDebInfo|x64
		{20C9ABBF-2E6D-3A7D-9EF6-55618767A498}.Debug|x64.ActiveCfg = Debug|x64
		{20C9ABBF-2E6D-3A7D-9EF6-55618767A498}.Debug|x64.Build.0 = Debug|x64
		{20C9ABBF-2E6D-3A7D-9EF6-55618767A498}.Release|x64.ActiveCfg = Release|x64
		{20C9ABBF-2E6D-3A7D-9EF6-55618767A498}.Release|x64.Build.0 = Release|x64
		{20C9ABBF-2E6D-3A7D-9EF6-55618767A498}.MinSizeRel|x64.ActiveCfg = MinSizeRel|x64
		{20C9ABBF-2E6D-3A7D-9EF6-55618767A498}.MinSizeRel|x64.Build.0 = MinSizeRel|x64
		{20C9ABBF-2E6D-3A7D-9EF6-55618767A498}.RelWithDebInfo|x64.ActiveCfg = RelWithDebInfo|x64
		{20C9ABBF-2E6D-3A7D-9EF6-55618767A498}.RelWithDebInfo|x64.Build.0 = RelWithDebInfo|x64
		{08443C1F-C16B-3808-A19A-1D5D6C7BFA51}.Debug|x64.ActiveCfg = Debug|x64
		{08443C1F-C16B-3808-A19A-1D5D6C7BFA51}.Debug|x64.Build.0 = Debug|x64
		{08443C1F-C16B-3808-A19A-1D5D6C7BFA51}.Release|x64.ActiveCfg = Release|x64
		{08443C1F-C16B-3808-A19A-1D5D6C7BFA51}.Release|x64.Build.0 = Release|x64
		{08443C1F-C16B-3808-A19A-1D5D6C7BFA51}.MinSizeRel|x64.ActiveCfg = MinSizeRel|x64
		{08443C1F-C16B-3808-A19A-1D5D6C7BFA51}.MinSizeRel|x64.Build.0 = MinSizeRel|x64
		{08443C1F-C16B-3808-A19A-1D5D6C7BFA51}.RelWithDebInfo|x64.ActiveCfg = RelWithDebInfo|x64
		{08443C1F-C16B-3808-A19A-1D5D6C7BFA51}.RelWithDebInfo|x64.Build.0 = RelWithDebInfo|x64
		{409DA20F-6C4B-31A2-8F86-5E0A26BB3F95}.Debug|x64.ActiveCfg = Debug|x64
		{409DA20F-6C4B-31A2-8F86-5E0A26BB3F95}.Release|x64.ActiveCfg = Release|x64
		{409DA20F-6C4B-31A2-8F86-5E0A26BB3F95}.MinSizeRel|x64.ActiveCfg = MinSizeRel|x64
		{409DA20F-6C4B-31A2-8F86-5E0A26BB3F95}.RelWithDebInfo|x64.ActiveCfg = RelWithDebInfo|x64
		{A3438589-75DB-3DAE-A812-960C599A3385}.Debug|x64.ActiveCfg = Debug|x64
		{A3438589-75DB-3DAE-A812-960C599A3385}.Debug|x64.Build.0 = Debug|x64
		{A3438589-75DB-3DAE-A812-960C599A3385}.Release|x64.ActiveCfg = Release|x64
		{A3438589-75DB-3DAE-A812-960C599A3385}.Release|x64.Build.0 = Release|x64
		{A3438589-75DB-3DAE-A812-960C599A3385}.MinSizeRel|x64.ActiveCfg = MinSizeRel|x64
		{A3438589-75DB-3DAE-A812-960C599A3385}.MinSizeRel|x64.Build.0 = MinSizeRel|x64
		{A3438589-75DB-3DAE-A812-960C599A3385}.RelWithDebInfo|x64.ActiveCfg = RelWithDebInfo|x64
		{A3438589-75DB-3DAE-A812-960C599A3385}.RelWithDebInfo|x64.Build.0 = RelWithDebInfo|x64
		{D925F4DF-CD07-3B61-9919-179E39B0992A}.Debug|x64.ActiveCfg = Debug|x64
		{D925F4DF-CD07-3B61-9919-179E39B0992A}.Debug|x64.Build.0 = Debug|x64
		{D925F4DF-CD07-3B61-9919-179E39B0992A}.Release|x64.ActiveCfg = Release|x64
		{D925F4DF-CD07-3B61-9919-179E39B0992A}.Release|x64.Build.0 = Release|x64
		{D925F4DF-CD07-3B61-9919-179E39B0992A}.MinSizeRel|x64.ActiveCfg = MinSizeRel|x64
		{D925F4DF-CD07-3B61-9919-179E39B0992A}.MinSizeRel|x64.Build.0 = MinSizeRel|x64
		{D925F4DF-CD07-3B61-9919-179E39B0992A}.RelWithDebInfo|x64.ActiveCfg = RelWithDebInfo|x64
		{D925F4DF-CD07-3B61-9919-179E39B0992A}.RelWithDebInfo|x64.Build.0 = RelWithDebInfo|x64
	EndGlobalSection
	GlobalSection(NestedProjects) = preSolution
		{1EE70B40-E480-3760-9A61-B3E5929C5295} = {2087C799-3C70-3537-84F5-08A6CD9C6C30}
		{409DA20F-6C4B-31A2-8F86-5E0A26BB3F95} = {2087C799-3C70-3537-84F5-08A6CD9C6C30}
		{D925F4DF-CD07-3B61-9919-179E39B0992A} = {2087C799-3C70-3537-84F5-08A6CD9C6C30}
	EndGlobalSection
	GlobalSection(ExtensibilityGlobals) = postSolution
		SolutionGuid = {A444C012-61F7-397C-8A33-A598C3CC76E2}
	EndGlobalSection
	GlobalSection(ExtensibilityAddIns) = postSolution
	EndGlobalSection
EndGlobal
